// !$*UTF8*$!
{
	archiveVersion = 1;
	classes = {
	};
	objectVersion = 46;
	objects = {

/* Begin PBXBuildFile section */
		A692490C1F21A36B003CB5FC /* AppDelegate.swift in Sources */ = {isa = PBXBuildFile; fileRef = A692490B1F21A36B003CB5FC /* AppDelegate.swift */; };
		A692490E1F21A36B003CB5FC /* ViewController.swift in Sources */ = {isa = PBXBuildFile; fileRef = A692490D1F21A36B003CB5FC /* ViewController.swift */; };
		A69249131F21A36B003CB5FC /* Assets.xcassets in Resources */ = {isa = PBXBuildFile; fileRef = A69249121F21A36B003CB5FC /* Assets.xcassets */; };
		A69249161F21A36B003CB5FC /* LaunchScreen.storyboard in Resources */ = {isa = PBXBuildFile; fileRef = A69249141F21A36B003CB5FC /* LaunchScreen.storyboard */; };
/* End PBXBuildFile section */

/* Begin PBXFileReference section */
		A69249081F21A36B003CB5FC /* AreYouEvenWalking.app */ = {isa = PBXFileReference; explicitFileType = wrapper.application; includeInIndex = 0; path = AreYouEvenWalking.app; sourceTree = BUILT_PRODUCTS_DIR; };
		A692490B1F21A36B003CB5FC /* AppDelegate.swift */ = {isa = PBXFileReference; lastKnownFileType = sourcecode.swift; path = AppDelegate.swift; sourceTree = "<group>"; };
		A692490D1F21A36B003CB5FC /* ViewController.swift */ = {isa = PBXFileReference; lastKnownFileType = sourcecode.swift; path = ViewController.swift; sourceTree = "<group>"; };
		A69249121F21A36B003CB5FC /* Assets.xcassets */ = {isa = PBXFileReference; lastKnownFileType = folder.assetcatalog; path = Assets.xcassets; sourceTree = "<group>"; };
		A69249151F21A36B003CB5FC /* Base */ = {isa = PBXFileReference; lastKnownFileType = file.storyboard; name = Base; path = Base.lproj/LaunchScreen.storyboard; sourceTree = "<group>"; };
		A69249171F21A36B003CB5FC /* Info.plist */ = {isa = PBXFileReference; lastKnownFileType = text.plist.xml; path = Info.plist; sourceTree = "<group>"; };
/* End PBXFileReference section */

/* Begin PBXFrameworksBuildPhase section */
		A69249051F21A36B003CB5FC /* Frameworks */ = {
			isa = PBXFrameworksBuildPhase;
			buildActionMask = 2147483647;
			files = (
			);
			runOnlyForDeploymentPostprocessing = 0;
		};
/* End PBXFrameworksBuildPhase section */

/* Begin PBXGroup section */
		A69248FF1F21A36B003CB5FC = {
			isa = PBXGroup;
			children = (
				A692490A1F21A36B003CB5FC /* AreYouEvenWalking */,
				A69249091F21A36B003CB5FC /* Products */,
			);
			sourceTree = "<group>";
		};
		A69249091F21A36B003CB5FC /* Products */ = {
			isa = PBXGroup;
			children = (
				A69249081F21A36B003CB5FC /* AreYouEvenWalking.app */,
			);
			name = Products;
			sourceTree = "<group>";
		};
		A692490A1F21A36B003CB5FC /* AreYouEvenWalking */ = {
			isa = PBXGroup;
			children = (
				A692490B1F21A36B003CB5FC /* AppDelegate.swift */,
				A692490D1F21A36B003CB5FC /* ViewController.swift */,
				A69249121F21A36B003CB5FC /* Assets.xcassets */,
				A69249141F21A36B003CB5FC /* LaunchScreen.storyboard */,
				A69249171F21A36B003CB5FC /* Info.plist */,
			);
			path = AreYouEvenWalking;
			sourceTree = "<group>";
		};
/* End PBXGroup section */

/* Begin PBXNativeTarget section */
		A69249071F21A36B003CB5FC /* AreYouEvenWalking */ = {
			isa = PBXNativeTarget;
			buildConfigurationList = A692491A1F21A36B003CB5FC /* Build configuration list for PBXNativeTarget "AreYouEvenWalking" */;
			buildPhases = (
				A69249041F21A36B003CB5FC /* Sources */,
				A69249051F21A36B003CB5FC /* Frameworks */,
				A69249061F21A36B003CB5FC /* Resources */,
			);
			buildRules = (
			);
			dependencies = (
			);
			name = AreYouEvenWalking;
			productName = AreYouEvenWalking;
			productReference = A69249081F21A36B003CB5FC /* AreYouEvenWalking.app */;
			productType = "com.apple.product-type.application";
		};
/* End PBXNativeTarget section */

/* Begin PBXProject section */
		A69249001F21A36B003CB5FC /* Project object */ = {
			isa = PBXProject;
			attributes = {
				LastSwiftUpdateCheck = 0830;
				LastUpgradeCheck = 0830;
				ORGANIZATIONNAME = "Kevin Remigio";
				TargetAttributes = {
					A69249071F21A36B003CB5FC = {
						CreatedOnToolsVersion = 8.3.3;
						DevelopmentTeam = 7WB296DLZ5;
						ProvisioningStyle = Automatic;
					};
				};
			};
			buildConfigurationList = A69249031F21A36B003CB5FC /* Build configuration list for PBXProject "AreYouEvenWalking" */;
			compatibilityVersion = "Xcode 3.2";
			developmentRegion = English;
			hasScannedForEncodings = 0;
			knownRegions = (
				en,
				Base,
			);
			mainGroup = A69248FF1F21A36B003CB5FC;
			productRefGroup = A69249091F21A36B003CB5FC /* Products */;
			projectDirPath = "";
			projectRoot = "";
			targets = (
				A69249071F21A36B003CB5FC /* AreYouEvenWalking */,
			);
		};
/* End PBXProject section */

/* Begin PBXResourcesBuildPhase section */
		A69249061F21A36B003CB5FC /* Resources */ = {
			isa = PBXResourcesBuildPhase;
			buildActionMask = 2147483647;
			files = (
				A69249161F21A36B003CB5FC /* LaunchScreen.storyboard in Resources */,
				A69249131F21A36B003CB5FC /* Assets.xcassets in Resources */,
			);
			runOnlyForDeploymentPostprocessing = 0;
		};
/* End PBXResourcesBuildPhase section */

/* Begin PBXSourcesBuildPhase section */
		A69249041F21A36B003CB5FC /* Sources */ = {
			isa = PBXSourcesBuildPhase;
			buildActionMask = 2147483647;
			files = (
				A692490E1F21A36B003CB5FC /* ViewController.swift in Sources */,
				A692490C1F21A36B003CB5FC /* AppDelegate.swift in Sources */,
			);
			runOnlyForDeploymentPostprocessing = 0;
		};
/* End PBXSourcesBuildPhase section */

/* Begin PBXVariantGroup section */
		A69249141F21A36B003CB5FC /* LaunchScreen.storyboard */ = {
			isa = PBXVariantGroup;
			children = (
				A69249151F21A36B003CB5FC /* Base */,
			);
			name = LaunchScreen.storyboard;
			sourceTree = "<group>";
		};
/* End PBXVariantGroup section */

/* Begin XCBuildConfiguration section */
		A69249181F21A36B003CB5FC /* Debug */ = {
			isa = XCBuildConfiguration;
			buildSettings = {
				ALWAYS_SEARCH_USER_PATHS = NO;
				CLANG_ANALYZER_NONNULL = YES;
				CLANG_ANALYZER_NUMBER_OBJECT_CONVERSION = YES_AGGRESSIVE;
				CLANG_CXX_LANGUAGE_STANDARD = "gnu++0x";
				CLANG_CXX_LIBRARY = "libc++";
				CLANG_ENABLE_MODULES = YES;
				CLANG_ENABLE_OBJC_ARC = YES;
				CLANG_WARN_BOOL_CONVERSION = YES;
				CLANG_WARN_CONSTANT_CONVERSION = YES;
				CLANG_WARN_DIRECT_OBJC_ISA_USAGE = YES_ERROR;
				CLANG_WARN_DOCUMENTATION_COMMENTS = YES;
				CLANG_WARN_EMPTY_BODY = YES;
				CLANG_WARN_ENUM_CONVERSION = YES;
				CLANG_WARN_INFINITE_RECURSION = YES;
				CLANG_WARN_INT_CONVERSION = YES;
				CLANG_WARN_OBJC_ROOT_CLASS = YES_ERROR;
				CLANG_WARN_SUSPICIOUS_MOVE = YES;
				CLANG_WARN_UNREACHABLE_CODE = YES;
				CLANG_WARN__DUPLICATE_METHOD_MATCH = YES;
				"CODE_SIGN_IDENTITY[sdk=iphoneos*]" = "iPhone Developer";
				COPY_PHASE_STRIP = NO;
				DEBUG_INFORMATION_FORMAT = dwarf;
				ENABLE_STRICT_OBJC_MSGSEND = YES;
				ENABLE_TESTABILITY = YES;
				GCC_C_LANGUAGE_STANDARD = gnu99;
				GCC_DYNAMIC_NO_PIC = NO;
				GCC_NO_COMMON_BLOCKS = YES;
				GCC_OPTIMIZATION_LEVEL = 0;
				GCC_PREPROCESSOR_DEFINITIONS = (
					"DEBUG=1",
					"$(inherited)",
				);
				GCC_WARN_64_TO_32_BIT_CONVERSION = YES;
				GCC_WARN_ABOUT_RETURN_TYPE = YES_ERROR;
				GCC_WARN_UNDECLARED_SELECTOR = YES;
				GCC_WARN_UNINITIALIZED_AUTOS = YES_AGGRESSIVE;
				GCC_WARN_UNUSED_FUNCTION = YES;
				GCC_WARN_UNUSED_VARIABLE = YES;
				IPHONEOS_DEPLOYMENT_TARGET = 10.3;
				MTL_ENABLE_DEBUG_INFO = YES;
				ONLY_ACTIVE_ARCH = YES;
				SDKROOT = iphoneos;
				SWIFT_ACTIVE_COMPILATION_CONDITIONS = DEBUG;
				SWIFT_OPTIMIZATION_LEVEL = "-Onone";
			};
			name = Debug;
		};
		A69249191F21A36B003CB5FC /* Release */ = {
			isa = XCBuildConfiguration;
			buildSettings = {
				ALWAYS_SEARCH_USER_PATHS = NO;
				CLANG_ANALYZER_NONNULL = YES;
				CLANG_ANALYZER_NUMBER_OBJECT_CONVERSION = YES_AGGRESSIVE;
				CLANG_CXX_LANGUAGE_STANDARD = "gnu++0x";
				CLANG_CXX_LIBRARY = "libc++";
				CLANG_ENABLE_MODULES = YES;
				CLANG_ENABLE_OBJC_ARC = YES;
				CLANG_WARN_BOOL_CONVERSION = YES;
				CLANG_WARN_CONSTANT_CONVERSION = YES;
				CLANG_WARN_DIRECT_OBJC_ISA_USAGE = YES_ERROR;
				CLANG_WARN_DOCUMENTATION_COMMENTS = YES;
				CLANG_WARN_EMPTY_BODY = YES;
				CLANG_WARN_ENUM_CONVERSION = YES;
				CLANG_WARN_INFINITE_RECURSION = YES;
				CLANG_WARN_INT_CONVERSION = YES;
				CLANG_WARN_OBJC_ROOT_CLASS = YES_ERROR;
				CLANG_WARN_SUSPICIOUS_MOVE = YES;
				CLANG_WARN_UNREACHABLE_CODE = YES;
				CLANG_WARN__DUPLICATE_METHOD_MATCH = YES;
				"CODE_SIGN_IDENTITY[sdk=iphoneos*]" = "iPhone Developer";
				COPY_PHASE_STRIP = NO;
				DEBUG_INFORMATION_FORMAT = "dwarf-with-dsym";
				ENABLE_NS_ASSERTIONS = NO;
				ENABLE_STRICT_OBJC_MSGSEND = YES;
				GCC_C_LANGUAGE_STANDARD = gnu99;
				GCC_NO_COMMON_BLOCKS = YES;
				GCC_WARN_64_TO_32_BIT_CONVERSION = YES;
				GCC_WARN_ABOUT_RETURN_TYPE = YES_ERROR;
				GCC_WARN_UNDECLARED_SELECTOR = YES;
				GCC_WARN_UNINITIALIZED_AUTOS = YES_AGGRESSIVE;
				GCC_WARN_UNUSED_FUNCTION = YES;
				GCC_WARN_UNUSED_VARIABLE = YES;
				IPHONEOS_DEPLOYMENT_TARGET = 10.3;
				MTL_ENABLE_DEBUG_INFO = NO;
				SDKROOT = iphoneos;
				SWIFT_OPTIMIZATION_LEVEL = "-Owholemodule";
				VALIDATE_PRODUCT = YES;
			};
			name = Release;
		};
		A692491B1F21A36B003CB5FC /* Debug */ = {
			isa = XCBuildConfiguration;
			buildSettings = {
				ASSETCATALOG_COMPILER_APPICON_NAME = AppIcon;
				DEVELOPMENT_TEAM = 7WB296DLZ5;
				INFOPLIST_FILE = AreYouEvenWalking/Info.plist;
				LD_RUNPATH_SEARCH_PATHS = "$(inherited) @executable_path/Frameworks";
				PRODUCT_BUNDLE_IDENTIFIER = com.kevinremigio.AreYouEvenWalking;
				PRODUCT_NAME = "$(TARGET_NAME)";
				SWIFT_VERSION = 3.0;
			};
			name = Debug;
		};
		A692491C1F21A36B003CB5FC /* Release */ = {
			isa = XCBuildConfiguration;
			buildSettings = {
				ASSETCATALOG_COMPILER_APPICON_NAME = AppIcon;
				DEVELOPMENT_TEAM = 7WB296DLZ5;
				INFOPLIST_FILE = AreYouEvenWalking/Info.plist;
				LD_RUNPATH_SEARCH_PATHS = "$(inherited) @executable_path/Frameworks";
				PRODUCT_BUNDLE_IDENTIFIER = com.kevinremigio.AreYouEvenWalking;
				PRODUCT_NAME = "$(TARGET_NAME)";
				SWIFT_VERSION = 3.0;
			};
			name = Release;
		};
/* End XCBuildConfiguration section */

/* Begin XCConfigurationList section */
		A69249031F21A36B003CB5FC /* Build configuration list for PBXProject "AreYouEvenWalking" */ = {
			isa = XCConfigurationList;
			buildConfigurations = (
				A69249181F21A36B003CB5FC /* Debug */,
				A69249191F21A36B003CB5FC /* Release */,
			);
			defaultConfigurationIsVisible = 0;
			defaultConfigurationName = Release;
		};
		A692491A1F21A36B003CB5FC /* Build configuration list for PBXNativeTarget "AreYouEvenWalking" */ = {
			isa = XCConfigurationList;
			buildConfigurations = (
				A692491B1F21A36B003CB5FC /* Debug */,
				A692491C1F21A36B003CB5FC /* Release */,
			);
			defaultConfigurationIsVisible = 0;
		};
/* End XCConfigurationList section */
	};
	rootObject = A69249001F21A36B003CB5FC /* Project object */;
}
